github.com/danil/equal4 v0.0.13 h1:dZukd+/5AZhrr6alCBdsnMmrdwoOpdJ8bLESCyYe0z4=
github.com/danil/equal4 v0.0.13/go.mod h1:qxGhGzcLKhxxA/rYBBu7uorSQE8sMJyqWO0XbaFDSEE=
github.com/danil/protoscan v0.0.44 h1:MYrnnquP1k0tuCd934OYGty1If7nJbFEJ4G+Vq+PSSM=
github.com/danil/protoscan v0.0.44/go.mod h1:GQQiD5VnipMrJDkX6vKvxAULjKvNZTO2EOZdGV0W3jY=
