github.com/danil/equal4 v0.0.13 h1:dZukd+/5AZhrr6alCBdsnMmrdwoOpdJ8bLESCyYe0z4=
github.com/danil/equal4 v0.0.13/go.mod h1:qxGhGzcLKhxxA/rYBBu7uorSQE8sMJyqWO0XbaFDSEE=
github.com/danil/protoscan v0.0.43 h1:hJh7/daRPn5o2PmEksG7jlAU+hJTOToMZyVTxRbgmpI=
github.com/danil/protoscan v0.0.43/go.mod h1:GQQiD5VnipMrJDkX6vKvxAULjKvNZTO2EOZdGV0W3jY=
